
Microsoft Visual Studio Solution File, Format Version 12.00
# Visual Studio Version 17
VisualStudioVersion = 17.1.32328.378
MinimumVisualStudioVersion = 10.0.40219.1
Project("{FAE04EC0-301F-11D3-BF4B-00C04F79EFBC}") = "Project2EntityFramework", "Project2EntityFramework\Project2EntityFramework.csproj", "{5B968C02-95C3-468A-8034-7536ED44C78A}"
EndProject
Global
	GlobalSection(SolutionConfigurationPlatforms) = preSolution
		Debug|Any CPU = Debug|Any CPU
		Release|Any CPU = Release|Any CPU
	EndGlobalSection
	GlobalSection(ProjectConfigurationPlatforms) = postSolution
		{5B968C02-95C3-468A-8034-7536ED44C78A}.Debug|Any CPU.ActiveCfg = Debug|Any CPU
		{5B968C02-95C3-468A-8034-7536ED44C78A}.Debug|Any CPU.Build.0 = Debug|Any CPU
		{5B968C02-95C3-468A-8034-7536ED44C78A}.Release|Any CPU.ActiveCfg = Release|Any CPU
		{5B968C02-95C3-468A-8034-7536ED44C78A}.Release|Any CPU.Build.0 = Release|Any CPU
	EndGlobalSection
	GlobalSection(SolutionProperties) = preSolution
		HideSolutionNode = FALSE
	EndGlobalSection
	GlobalSection(ExtensibilityGlobals) = postSolution
		SolutionGuid = {7F3C31D7-728F-488F-8D62-2B0F9B4F24CB}
	EndGlobalSection
EndGlobal
